
Microsoft Visual Studio Solution File, Format Version 12.00
# Visual Studio Version 17
VisualStudioVersion = 17.3.32811.315
MinimumVisualStudioVersion = 10.0.40219.1
Project("{FAE04EC0-301F-11D3-BF4B-00C04F79EFBC}") = "kappitel 4 Uppgift 4.24", "kappitel 4 Uppgift 4.24\kappitel 4 Uppgift 4.24.csproj", "{FF9FE18C-6ECF-4D72-9586-3E80435AC688}"
EndProject
Global
	GlobalSection(SolutionConfigurationPlatforms) = preSolution
		Debug|Any CPU = Debug|Any CPU
		Release|Any CPU = Release|Any CPU
	EndGlobalSection
	GlobalSection(ProjectConfigurationPlatforms) = postSolution
		{FF9FE18C-6ECF-4D72-9586-3E80435AC688}.Debug|Any CPU.ActiveCfg = Debug|Any CPU
		{FF9FE18C-6ECF-4D72-9586-3E80435AC688}.Debug|Any CPU.Build.0 = Debug|Any CPU
		{FF9FE18C-6ECF-4D72-9586-3E80435AC688}.Release|Any CPU.ActiveCfg = Release|Any CPU
		{FF9FE18C-6ECF-4D72-9586-3E80435AC688}.Release|Any CPU.Build.0 = Release|Any CPU
	EndGlobalSection
	GlobalSection(SolutionProperties) = preSolution
		HideSolutionNode = FALSE
	EndGlobalSection
	GlobalSection(ExtensibilityGlobals) = postSolution
		SolutionGuid = {C943252B-25FF-42CA-B677-D44FEDFE6788}
	EndGlobalSection
EndGlobal
